PODS:
  - AFNetworking (3.1.0):
    - AFNetworking/NSURLSession (= 3.1.0)
    - AFNetworking/Reachability (= 3.1.0)
    - AFNetworking/Security (= 3.1.0)
    - AFNetworking/Serialization (= 3.1.0)
    - AFNetworking/UIKit (= 3.1.0)
  - AFNetworking/NSURLSession (3.1.0):
    - AFNetworking/Reachability
    - AFNetworking/Security
    - AFNetworking/Serialization
  - AFNetworking/Reachability (3.1.0)
  - AFNetworking/Security (3.1.0)
  - AFNetworking/Serialization (3.1.0)
  - AFNetworking/UIKit (3.1.0):
    - AFNetworking/NSURLSession
  - FMDB (2.7.2):
    - FMDB/standard (= 2.7.2)
  - FMDB/standard (2.7.2)
  - IQKeyboardManager (3.3.7)
  - JKCategories (1.7.1)
  - JMButton (0.6)
  - LKDBHelper (2.5.1):
    - LKDBHelper/standard (= 2.5.1)
  - LKDBHelper/standard (2.5.1):
    - FMDB
  - Masonry (1.1.0)
  - MBProgressHUD (1.1.0)
  - MJExtension (3.0.15.1)
  - MJRefresh (3.1.15.6)
  - ReactiveCocoa (2.5):
    - ReactiveCocoa/UI (= 2.5)
  - ReactiveCocoa/Core (2.5):
    - ReactiveCocoa/no-arc
  - ReactiveCocoa/no-arc (2.5)
  - ReactiveCocoa/UI (2.5):
    - ReactiveCocoa/Core
  - RegexKitLite (4.0)
  - SAMKeychain (1.5.3)
  - SDWebImage (4.4.2):
    - SDWebImage/Core (= 4.4.2)
  - SDWebImage/Core (4.4.2)
  - Shimmer (1.0.2)
  - TZImagePickerController (3.0.9)
  - WSProgressHUD (1.1.3):
    - Shimmer
  - YBImageBrowser (2.0.6):
    - SDWebImage
    - YYImage
  - YYImage (1.0.4):
    - YYImage/Core (= 1.0.4)
  - YYImage/Core (1.0.4)
  - YYImage/WebP (1.0.4):
    - YYImage/Core

DEPENDENCIES:
  - AFNetworking (~> 3.1.0)
  - IQKeyboardManager (~> 3.3.7)
  - JKCategories
  - JMButton (~> 0.5)
  - LKDBHelper
  - Masonry
  - MBProgressHUD (~> 1.1.0)
  - MJExtension (~> 3.0.13)
  - MJRefresh (~> 3.1.12)
  - ReactiveCocoa (~> 2.5)
  - RegexKitLite
  - SAMKeychain
  - SDWebImage
  - TZImagePickerController
  - WSProgressHUD
  - YBImageBrowser
  - YYImage/WebP

SPEC REPOS:
  https://github.com/cocoapods/specs:
    - AFNetworking
    - FMDB
    - IQKeyboardManager
    - JKCategories
    - JMButton
    - LKDBHelper
    - Masonry
    - MBProgressHUD
    - MJExtension
    - MJRefresh
    - ReactiveCocoa
    - RegexKitLite
    - SAMKeychain
    - SDWebImage
    - Shimmer
    - TZImagePickerController
    - WSProgressHUD
    - YBImageBrowser
    - YYImage

SPEC CHECKSUMS:
  AFNetworking: 5e0e199f73d8626b11e79750991f5d173d1f8b67
  FMDB: 6198a90e7b6900cfc046e6bc0ef6ebb7be9236aa
  IQKeyboardManager: 249c3946acf61345c18b038eb50863fe2793e3a8
  JKCategories: 91d60229a9658378cfbd48e97805ec4602e3b327
  JMButton: 04a4e98d096f9f504df2908fade68699b822dd5e
  LKDBHelper: 9a276ba51f2e16263d46a9517e16cc9b03472664
  Masonry: 678fab65091a9290e40e2832a55e7ab731aad201
  MBProgressHUD: e7baa36a220447d8aeb12769bf0585582f3866d9
  MJExtension: 19bc33ce2eee2d319760f5622562cf581a6ff756
  MJRefresh: 0efa19656679d70a0f47cbe76e56c2271fe53a97
  ReactiveCocoa: e2db045570aa97c695e7aa97c2bcab222ae51f4a
  RegexKitLite: c0e4c12e6e7de0769f3a3ed679f0f61604170661
  SAMKeychain: 483e1c9f32984d50ca961e26818a534283b4cd5c
  SDWebImage: 624d6e296c69b244bcede364c72ae0430ac14681
  Shimmer: c5374be1c2b0c9e292fb05b339a513cf291cac86
  TZImagePickerController: ea3e906af8caa7088f612ad673feb73cc6aa6bfc
  WSProgressHUD: a0902809c8af112fb34b004fdc75c16eb85167a3
  YBImageBrowser: c131d640e4a7b66f78cc3297e0d075279cba74a7
  YYImage: 1e1b62a9997399593e4b9c4ecfbbabbf1d3f3b54

PODFILE CHECKSUM: 1b99d8de94472c05294872083fda2890515761e8

COCOAPODS: 1.5.3
